{
  "name": "ajson_mirror",
  "version": "1.0.0",
  "lockfileVersion": 2,
  "requires": true,
  "packages": {
    "": {
      "name": "ajson_mirror",
      "version": "1.0.0",
      "license": "MIT",
      "dependencies": {
        "@abaplint/cli": "^2.113.73"
      }
    },
    "node_modules/@abaplint/cli": {
      "version": "2.113.73",
      "resolved": "https://registry.npmjs.org/@abaplint/cli/-/cli-2.113.73.tgz",
      "integrity": "sha512-U5/lzk9quLEBm+CurSCs7u2LNwaa0EbCK3RFuHpLZfW1ZslLPQMza4G4/UPvWQt45pNCCsiJ6Q9EiHO1zjrDIQ==",
      "bin": {
        "abaplint": "abaplint"
      },
      "engines": {
        "node": ">=12.0.0"
      },
      "funding": {
        "url": "https://github.com/sponsors/larshp"
      }
    }
  },
  "dependencies": {
    "@abaplint/cli": {
      "version": "2.113.73",
      "resolved": "https://registry.npmjs.org/@abaplint/cli/-/cli-2.113.73.tgz",
      "integrity": "sha512-U5/lzk9quLEBm+CurSCs7u2LNwaa0EbCK3RFuHpLZfW1ZslLPQMza4G4/UPvWQt45pNCCsiJ6Q9EiHO1zjrDIQ=="
    }
  }
}
