{
  "name": "ajson_mirror",
  "version": "1.0.0",
  "lockfileVersion": 2,
  "requires": true,
  "packages": {
    "": {
      "name": "ajson_mirror",
      "version": "1.0.0",
      "license": "MIT",
      "dependencies": {
        "@abaplint/cli": "^2.113.39"
      }
    },
    "node_modules/@abaplint/cli": {
      "version": "2.113.39",
      "resolved": "https://registry.npmjs.org/@abaplint/cli/-/cli-2.113.39.tgz",
      "integrity": "sha512-eOT4sfu51n9gRIvluOOh8uqfKvWpO+nOm1g7Suze/OYCUB5e6tofPrWsaRSsBUI7qopo3hxgXIf0fZQOnbAleg==",
      "bin": {
        "abaplint": "abaplint"
      },
      "engines": {
        "node": ">=12.0.0"
      },
      "funding": {
        "url": "https://github.com/sponsors/larshp"
      }
    }
  },
  "dependencies": {
    "@abaplint/cli": {
      "version": "2.113.39",
      "resolved": "https://registry.npmjs.org/@abaplint/cli/-/cli-2.113.39.tgz",
      "integrity": "sha512-eOT4sfu51n9gRIvluOOh8uqfKvWpO+nOm1g7Suze/OYCUB5e6tofPrWsaRSsBUI7qopo3hxgXIf0fZQOnbAleg=="
    }
  }
}
